
Microsoft Visual Studio Solution File, Format Version 12.00
# Visual Studio Version 17
VisualStudioVersion = 17.11.35222.181
MinimumVisualStudioVersion = 10.0.40219.1
Project("{9A19103F-16F7-4668-BE54-9A1E7A4F7556}") = "ShoppingCart.Api", "src\ShoppingCart.Api\ShoppingCart.Api.csproj", "{F26B993C-AB87-4547-80DC-729C7FF3ADCE}"
EndProject
Project("{9A19103F-16F7-4668-BE54-9A1E7A4F7556}") = "ShoppingCart.Domain", "src\ShoppingCart.Domain\ShoppingCart.Domain.csproj", "{E6AFA085-6F11-44B4-B3D0-D4BECF3832D0}"
EndProject
Project("{9A19103F-16F7-4668-BE54-9A1E7A4F7556}") = "ShoppingCart.Infrastructure", "src\ShoppingCart.Infrastructure\ShoppingCart.Infrastructure.csproj", "{4951168B-58EC-42DC-8A6D-12A16B709395}"
EndProject
Project("{9A19103F-16F7-4668-BE54-9A1E7A4F7556}") = "ShoppingCart.Api.Tests", "test\ShoppingCart.Api.Tests\ShoppingCart.Api.Tests.csproj", "{F78DFF2C-3157-44B0-AF3A-1AD9133F7682}"
EndProject
Project("{9A19103F-16F7-4668-BE54-9A1E7A4F7556}") = "ShoppingCart.Infrastructure.Tests", "test\ShoppingCart.Infrastructure.Tests\ShoppingCart.Infrastructure.Tests\ShoppingCart.Infrastructure.Tests.csproj", "{434C1E6B-70AE-488A-9890-8808F2A60490}"
EndProject
Project("{2150E333-8FDC-42A3-9474-1A3956D46DE8}") = "test", "test", "{7D59581A-1F96-423F-A1BA-045E74F221C5}"
EndProject
Project("{2150E333-8FDC-42A3-9474-1A3956D46DE8}") = "src", "src", "{38370128-00EA-4F35-874C-2379938618C2}"
EndProject
Project("{FAE04EC0-301F-11D3-BF4B-00C04F79EFBC}") = "ShoppingCart.Contracts", "src\ShoppingCart.Contracts\ShoppingCart.Contracts.csproj", "{314C94E0-DCE6-43CA-B1D6-762DF52E2A7D}"
EndProject
Global
	GlobalSection(SolutionConfigurationPlatforms) = preSolution
		Debug|Any CPU = Debug|Any CPU
		Release|Any CPU = Release|Any CPU
	EndGlobalSection
	GlobalSection(ProjectConfigurationPlatforms) = postSolution
		{F26B993C-AB87-4547-80DC-729C7FF3ADCE}.Debug|Any CPU.ActiveCfg = Debug|Any CPU
		{F26B993C-AB87-4547-80DC-729C7FF3ADCE}.Debug|Any CPU.Build.0 = Debug|Any CPU
		{F26B993C-AB87-4547-80DC-729C7FF3ADCE}.Release|Any CPU.ActiveCfg = Release|Any CPU
		{F26B993C-AB87-4547-80DC-729C7FF3ADCE}.Release|Any CPU.Build.0 = Release|Any CPU
		{E6AFA085-6F11-44B4-B3D0-D4BECF3832D0}.Debug|Any CPU.ActiveCfg = Debug|Any CPU
		{E6AFA085-6F11-44B4-B3D0-D4BECF3832D0}.Debug|Any CPU.Build.0 = Debug|Any CPU
		{E6AFA085-6F11-44B4-B3D0-D4BECF3832D0}.Release|Any CPU.ActiveCfg = Release|Any CPU
		{E6AFA085-6F11-44B4-B3D0-D4BECF3832D0}.Release|Any CPU.Build.0 = Release|Any CPU
		{4951168B-58EC-42DC-8A6D-12A16B709395}.Debug|Any CPU.ActiveCfg = Debug|Any CPU
		{4951168B-58EC-42DC-8A6D-12A16B709395}.Debug|Any CPU.Build.0 = Debug|Any CPU
		{4951168B-58EC-42DC-8A6D-12A16B709395}.Release|Any CPU.ActiveCfg = Release|Any CPU
		{4951168B-58EC-42DC-8A6D-12A16B709395}.Release|Any CPU.Build.0 = Release|Any CPU
		{F78DFF2C-3157-44B0-AF3A-1AD9133F7682}.Debug|Any CPU.ActiveCfg = Debug|Any CPU
		{F78DFF2C-3157-44B0-AF3A-1AD9133F7682}.Debug|Any CPU.Build.0 = Debug|Any CPU
		{F78DFF2C-3157-44B0-AF3A-1AD9133F7682}.Release|Any CPU.ActiveCfg = Release|Any CPU
		{F78DFF2C-3157-44B0-AF3A-1AD9133F7682}.Release|Any CPU.Build.0 = Release|Any CPU
		{434C1E6B-70AE-488A-9890-8808F2A60490}.Debug|Any CPU.ActiveCfg = Debug|Any CPU
		{434C1E6B-70AE-488A-9890-8808F2A60490}.Debug|Any CPU.Build.0 = Debug|Any CPU
		{434C1E6B-70AE-488A-9890-8808F2A60490}.Release|Any CPU.ActiveCfg = Release|Any CPU
		{434C1E6B-70AE-488A-9890-8808F2A60490}.Release|Any CPU.Build.0 = Release|Any CPU
		{314C94E0-DCE6-43CA-B1D6-762DF52E2A7D}.Debug|Any CPU.ActiveCfg = Debug|Any CPU
		{314C94E0-DCE6-43CA-B1D6-762DF52E2A7D}.Debug|Any CPU.Build.0 = Debug|Any CPU
		{314C94E0-DCE6-43CA-B1D6-762DF52E2A7D}.Release|Any CPU.ActiveCfg = Release|Any CPU
		{314C94E0-DCE6-43CA-B1D6-762DF52E2A7D}.Release|Any CPU.Build.0 = Release|Any CPU
	EndGlobalSection
	GlobalSection(SolutionProperties) = preSolution
		HideSolutionNode = FALSE
	EndGlobalSection
	GlobalSection(NestedProjects) = preSolution
		{F26B993C-AB87-4547-80DC-729C7FF3ADCE} = {38370128-00EA-4F35-874C-2379938618C2}
		{E6AFA085-6F11-44B4-B3D0-D4BECF3832D0} = {38370128-00EA-4F35-874C-2379938618C2}
		{4951168B-58EC-42DC-8A6D-12A16B709395} = {38370128-00EA-4F35-874C-2379938618C2}
		{F78DFF2C-3157-44B0-AF3A-1AD9133F7682} = {7D59581A-1F96-423F-A1BA-045E74F221C5}
		{434C1E6B-70AE-488A-9890-8808F2A60490} = {7D59581A-1F96-423F-A1BA-045E74F221C5}
		{314C94E0-DCE6-43CA-B1D6-762DF52E2A7D} = {38370128-00EA-4F35-874C-2379938618C2}
	EndGlobalSection
	GlobalSection(ExtensibilityGlobals) = postSolution
		SolutionGuid = {F26DEF3A-4831-4348-AA89-BDD19306E262}
	EndGlobalSection
EndGlobal
